
Microsoft Visual Studio Solution File, Format Version 12.00
# Visual Studio Version 16
VisualStudioVersion = 16.0.29613.14
MinimumVisualStudioVersion = 10.0.40219.1
Project("{8BC9CEB8-8B4A-11D0-8D11-00A0C91BC942}") = "10871", "알고리즘\알고리즘.vcxproj", "{ECB1135A-044E-41CF-B839-C11277AC411D}"
EndProject
Project("{8BC9CEB8-8B4A-11D0-8D11-00A0C91BC942}") = "1100", "1100\1100.vcxproj", "{5F5D7706-86E8-4503-BED7-3F8F6C9B2436}"
EndProject
Project("{8BC9CEB8-8B4A-11D0-8D11-00A0C91BC942}") = "4949", "4949\4949.vcxproj", "{CAE5A040-2DC9-46AE-8DE4-4CB62CB800C5}"
EndProject
Project("{8BC9CEB8-8B4A-11D0-8D11-00A0C91BC942}") = "1110", "1110\1110.vcxproj", "{E40AC0BE-173E-412E-A6EF-04268AA7C29D}"
EndProject
Project("{8BC9CEB8-8B4A-11D0-8D11-00A0C91BC942}") = "8958", "8958\8958.vcxproj", "{3A1BA69E-6CEA-4950-B43D-48CB9E9EBB6D}"
EndProject
Project("{8BC9CEB8-8B4A-11D0-8D11-00A0C91BC942}") = "10773", "10773\10773.vcxproj", "{7D99159C-DCBD-4E93-A22E-8C37F61D8046}"
EndProject
Project("{8BC9CEB8-8B4A-11D0-8D11-00A0C91BC942}") = "1302", "1302\1302.vcxproj", "{2B394A3E-4289-41CD-968A-32ABCBF57340}"
EndProject
Project("{8BC9CEB8-8B4A-11D0-8D11-00A0C91BC942}") = "1074", "1074\1074.vcxproj", "{D1032A93-9C23-470E-837C-8AA12B482435}"
EndProject
Project("{8BC9CEB8-8B4A-11D0-8D11-00A0C91BC942}") = "4811", "4811\4811.vcxproj", "{9855F385-DA9A-4E8C-A7E6-5AA78281475F}"
EndProject
Project("{8BC9CEB8-8B4A-11D0-8D11-00A0C91BC942}") = "11866", "11866\11866.vcxproj", "{C6392A8B-1BFB-4046-A89F-CC15775D815E}"
EndProject
Project("{8BC9CEB8-8B4A-11D0-8D11-00A0C91BC942}") = "1620", "1620\1620.vcxproj", "{F0BA443F-68AC-4C21-8D09-6CEFE84BE354}"
EndProject
Project("{8BC9CEB8-8B4A-11D0-8D11-00A0C91BC942}") = "10845", "3986\3986.vcxproj", "{CC36D11F-C888-4ABA-B523-6613337D40B5}"
EndProject
Project("{8BC9CEB8-8B4A-11D0-8D11-00A0C91BC942}") = "1003", "1003\1003.vcxproj", "{E4043279-963D-40B5-B8A7-C6C801AE0BCC}"
EndProject
Project("{8BC9CEB8-8B4A-11D0-8D11-00A0C91BC942}") = "3986문제", "3986문제\3986문제.vcxproj", "{A221C937-9959-4A36-A2BF-D30AF42A06AB}"
EndProject
Project("{8BC9CEB8-8B4A-11D0-8D11-00A0C91BC942}") = "1874", "알고리즘모음\알고리즘모음.vcxproj", "{14834318-7068-46EF-B9E1-32388FFDD010}"
EndProject
Project("{8BC9CEB8-8B4A-11D0-8D11-00A0C91BC942}") = "10799", "10799\10799.vcxproj", "{19D5BAE3-4C4C-4CCF-A2F5-2A9E52EB0278}"
EndProject
Global
	GlobalSection(SolutionConfigurationPlatforms) = preSolution
		Debug|x64 = Debug|x64
		Debug|x86 = Debug|x86
		Release|x64 = Release|x64
		Release|x86 = Release|x86
	EndGlobalSection
	GlobalSection(ProjectConfigurationPlatforms) = postSolution
		{ECB1135A-044E-41CF-B839-C11277AC411D}.Debug|x64.ActiveCfg = Debug|x64
		{ECB1135A-044E-41CF-B839-C11277AC411D}.Debug|x64.Build.0 = Debug|x64
		{ECB1135A-044E-41CF-B839-C11277AC411D}.Debug|x86.ActiveCfg = Debug|Win32
		{ECB1135A-044E-41CF-B839-C11277AC411D}.Debug|x86.Build.0 = Debug|Win32
		{ECB1135A-044E-41CF-B839-C11277AC411D}.Release|x64.ActiveCfg = Release|x64
		{ECB1135A-044E-41CF-B839-C11277AC411D}.Release|x64.Build.0 = Release|x64
		{ECB1135A-044E-41CF-B839-C11277AC411D}.Release|x86.ActiveCfg = Release|Win32
		{ECB1135A-044E-41CF-B839-C11277AC411D}.Release|x86.Build.0 = Release|Win32
		{5F5D7706-86E8-4503-BED7-3F8F6C9B2436}.Debug|x64.ActiveCfg = Debug|x64
		{5F5D7706-86E8-4503-BED7-3F8F6C9B2436}.Debug|x64.Build.0 = Debug|x64
		{5F5D7706-86E8-4503-BED7-3F8F6C9B2436}.Debug|x86.ActiveCfg = Debug|Win32
		{5F5D7706-86E8-4503-BED7-3F8F6C9B2436}.Debug|x86.Build.0 = Debug|Win32
		{5F5D7706-86E8-4503-BED7-3F8F6C9B2436}.Release|x64.ActiveCfg = Release|x64
		{5F5D7706-86E8-4503-BED7-3F8F6C9B2436}.Release|x64.Build.0 = Release|x64
		{5F5D7706-86E8-4503-BED7-3F8F6C9B2436}.Release|x86.ActiveCfg = Release|Win32
		{5F5D7706-86E8-4503-BED7-3F8F6C9B2436}.Release|x86.Build.0 = Release|Win32
		{CAE5A040-2DC9-46AE-8DE4-4CB62CB800C5}.Debug|x64.ActiveCfg = Debug|x64
		{CAE5A040-2DC9-46AE-8DE4-4CB62CB800C5}.Debug|x64.Build.0 = Debug|x64
		{CAE5A040-2DC9-46AE-8DE4-4CB62CB800C5}.Debug|x86.ActiveCfg = Debug|Win32
		{CAE5A040-2DC9-46AE-8DE4-4CB62CB800C5}.Debug|x86.Build.0 = Debug|Win32
		{CAE5A040-2DC9-46AE-8DE4-4CB62CB800C5}.Release|x64.ActiveCfg = Release|x64
		{CAE5A040-2DC9-46AE-8DE4-4CB62CB800C5}.Release|x64.Build.0 = Release|x64
		{CAE5A040-2DC9-46AE-8DE4-4CB62CB800C5}.Release|x86.ActiveCfg = Release|Win32
		{CAE5A040-2DC9-46AE-8DE4-4CB62CB800C5}.Release|x86.Build.0 = Release|Win32
		{E40AC0BE-173E-412E-A6EF-04268AA7C29D}.Debug|x64.ActiveCfg = Debug|x64
		{E40AC0BE-173E-412E-A6EF-04268AA7C29D}.Debug|x64.Build.0 = Debug|x64
		{E40AC0BE-173E-412E-A6EF-04268AA7C29D}.Debug|x86.ActiveCfg = Debug|Win32
		{E40AC0BE-173E-412E-A6EF-04268AA7C29D}.Debug|x86.Build.0 = Debug|Win32
		{E40AC0BE-173E-412E-A6EF-04268AA7C29D}.Release|x64.ActiveCfg = Release|x64
		{E40AC0BE-173E-412E-A6EF-04268AA7C29D}.Release|x64.Build.0 = Release|x64
		{E40AC0BE-173E-412E-A6EF-04268AA7C29D}.Release|x86.ActiveCfg = Release|Win32
		{E40AC0BE-173E-412E-A6EF-04268AA7C29D}.Release|x86.Build.0 = Release|Win32
		{3A1BA69E-6CEA-4950-B43D-48CB9E9EBB6D}.Debug|x64.ActiveCfg = Debug|x64
		{3A1BA69E-6CEA-4950-B43D-48CB9E9EBB6D}.Debug|x64.Build.0 = Debug|x64
		{3A1BA69E-6CEA-4950-B43D-48CB9E9EBB6D}.Debug|x86.ActiveCfg = Debug|Win32
		{3A1BA69E-6CEA-4950-B43D-48CB9E9EBB6D}.Debug|x86.Build.0 = Debug|Win32
		{3A1BA69E-6CEA-4950-B43D-48CB9E9EBB6D}.Release|x64.ActiveCfg = Release|x64
		{3A1BA69E-6CEA-4950-B43D-48CB9E9EBB6D}.Release|x64.Build.0 = Release|x64
		{3A1BA69E-6CEA-4950-B43D-48CB9E9EBB6D}.Release|x86.ActiveCfg = Release|Win32
		{3A1BA69E-6CEA-4950-B43D-48CB9E9EBB6D}.Release|x86.Build.0 = Release|Win32
		{7D99159C-DCBD-4E93-A22E-8C37F61D8046}.Debug|x64.ActiveCfg = Debug|x64
		{7D99159C-DCBD-4E93-A22E-8C37F61D8046}.Debug|x64.Build.0 = Debug|x64
		{7D99159C-DCBD-4E93-A22E-8C37F61D8046}.Debug|x86.ActiveCfg = Debug|Win32
		{7D99159C-DCBD-4E93-A22E-8C37F61D8046}.Debug|x86.Build.0 = Debug|Win32
		{7D99159C-DCBD-4E93-A22E-8C37F61D8046}.Release|x64.ActiveCfg = Release|x64
		{7D99159C-DCBD-4E93-A22E-8C37F61D8046}.Release|x64.Build.0 = Release|x64
		{7D99159C-DCBD-4E93-A22E-8C37F61D8046}.Release|x86.ActiveCfg = Release|Win32
		{7D99159C-DCBD-4E93-A22E-8C37F61D8046}.Release|x86.Build.0 = Release|Win32
		{2B394A3E-4289-41CD-968A-32ABCBF57340}.Debug|x64.ActiveCfg = Debug|x64
		{2B394A3E-4289-41CD-968A-32ABCBF57340}.Debug|x64.Build.0 = Debug|x64
		{2B394A3E-4289-41CD-968A-32ABCBF57340}.Debug|x86.ActiveCfg = Debug|Win32
		{2B394A3E-4289-41CD-968A-32ABCBF57340}.Debug|x86.Build.0 = Debug|Win32
		{2B394A3E-4289-41CD-968A-32ABCBF57340}.Release|x64.ActiveCfg = Release|x64
		{2B394A3E-4289-41CD-968A-32ABCBF57340}.Release|x64.Build.0 = Release|x64
		{2B394A3E-4289-41CD-968A-32ABCBF57340}.Release|x86.ActiveCfg = Release|Win32
		{2B394A3E-4289-41CD-968A-32ABCBF57340}.Release|x86.Build.0 = Release|Win32
		{D1032A93-9C23-470E-837C-8AA12B482435}.Debug|x64.ActiveCfg = Debug|x64
		{D1032A93-9C23-470E-837C-8AA12B482435}.Debug|x64.Build.0 = Debug|x64
		{D1032A93-9C23-470E-837C-8AA12B482435}.Debug|x86.ActiveCfg = Debug|Win32
		{D1032A93-9C23-470E-837C-8AA12B482435}.Debug|x86.Build.0 = Debug|Win32
		{D1032A93-9C23-470E-837C-8AA12B482435}.Release|x64.ActiveCfg = Release|x64
		{D1032A93-9C23-470E-837C-8AA12B482435}.Release|x64.Build.0 = Release|x64
		{D1032A93-9C23-470E-837C-8AA12B482435}.Release|x86.ActiveCfg = Release|Win32
		{D1032A93-9C23-470E-837C-8AA12B482435}.Release|x86.Build.0 = Release|Win32
		{9855F385-DA9A-4E8C-A7E6-5AA78281475F}.Debug|x64.ActiveCfg = Debug|x64
		{9855F385-DA9A-4E8C-A7E6-5AA78281475F}.Debug|x64.Build.0 = Debug|x64
		{9855F385-DA9A-4E8C-A7E6-5AA78281475F}.Debug|x86.ActiveCfg = Debug|Win32
		{9855F385-DA9A-4E8C-A7E6-5AA78281475F}.Debug|x86.Build.0 = Debug|Win32
		{9855F385-DA9A-4E8C-A7E6-5AA78281475F}.Release|x64.ActiveCfg = Release|x64
		{9855F385-DA9A-4E8C-A7E6-5AA78281475F}.Release|x64.Build.0 = Release|x64
		{9855F385-DA9A-4E8C-A7E6-5AA78281475F}.Release|x86.ActiveCfg = Release|Win32
		{9855F385-DA9A-4E8C-A7E6-5AA78281475F}.Release|x86.Build.0 = Release|Win32
		{C6392A8B-1BFB-4046-A89F-CC15775D815E}.Debug|x64.ActiveCfg = Debug|x64
		{C6392A8B-1BFB-4046-A89F-CC15775D815E}.Debug|x64.Build.0 = Debug|x64
		{C6392A8B-1BFB-4046-A89F-CC15775D815E}.Debug|x86.ActiveCfg = Debug|Win32
		{C6392A8B-1BFB-4046-A89F-CC15775D815E}.Debug|x86.Build.0 = Debug|Win32
		{C6392A8B-1BFB-4046-A89F-CC15775D815E}.Release|x64.ActiveCfg = Release|x64
		{C6392A8B-1BFB-4046-A89F-CC15775D815E}.Release|x64.Build.0 = Release|x64
		{C6392A8B-1BFB-4046-A89F-CC15775D815E}.Release|x86.ActiveCfg = Release|Win32
		{C6392A8B-1BFB-4046-A89F-CC15775D815E}.Release|x86.Build.0 = Release|Win32
		{F0BA443F-68AC-4C21-8D09-6CEFE84BE354}.Debug|x64.ActiveCfg = Debug|x64
		{F0BA443F-68AC-4C21-8D09-6CEFE84BE354}.Debug|x64.Build.0 = Debug|x64
		{F0BA443F-68AC-4C21-8D09-6CEFE84BE354}.Debug|x86.ActiveCfg = Debug|Win32
		{F0BA443F-68AC-4C21-8D09-6CEFE84BE354}.Debug|x86.Build.0 = Debug|Win32
		{F0BA443F-68AC-4C21-8D09-6CEFE84BE354}.Release|x64.ActiveCfg = Release|x64
		{F0BA443F-68AC-4C21-8D09-6CEFE84BE354}.Release|x64.Build.0 = Release|x64
		{F0BA443F-68AC-4C21-8D09-6CEFE84BE354}.Release|x86.ActiveCfg = Release|Win32
		{F0BA443F-68AC-4C21-8D09-6CEFE84BE354}.Release|x86.Build.0 = Release|Win32
		{CC36D11F-C888-4ABA-B523-6613337D40B5}.Debug|x64.ActiveCfg = Debug|x64
		{CC36D11F-C888-4ABA-B523-6613337D40B5}.Debug|x64.Build.0 = Debug|x64
		{CC36D11F-C888-4ABA-B523-6613337D40B5}.Debug|x86.ActiveCfg = Debug|Win32
		{CC36D11F-C888-4ABA-B523-6613337D40B5}.Debug|x86.Build.0 = Debug|Win32
		{CC36D11F-C888-4ABA-B523-6613337D40B5}.Release|x64.ActiveCfg = Release|x64
		{CC36D11F-C888-4ABA-B523-6613337D40B5}.Release|x64.Build.0 = Release|x64
		{CC36D11F-C888-4ABA-B523-6613337D40B5}.Release|x86.ActiveCfg = Release|Win32
		{CC36D11F-C888-4ABA-B523-6613337D40B5}.Release|x86.Build.0 = Release|Win32
		{E4043279-963D-40B5-B8A7-C6C801AE0BCC}.Debug|x64.ActiveCfg = Debug|x64
		{E4043279-963D-40B5-B8A7-C6C801AE0BCC}.Debug|x64.Build.0 = Debug|x64
		{E4043279-963D-40B5-B8A7-C6C801AE0BCC}.Debug|x86.ActiveCfg = Debug|Win32
		{E4043279-963D-40B5-B8A7-C6C801AE0BCC}.Debug|x86.Build.0 = Debug|Win32
		{E4043279-963D-40B5-B8A7-C6C801AE0BCC}.Release|x64.ActiveCfg = Release|x64
		{E4043279-963D-40B5-B8A7-C6C801AE0BCC}.Release|x64.Build.0 = Release|x64
		{E4043279-963D-40B5-B8A7-C6C801AE0BCC}.Release|x86.ActiveCfg = Release|Win32
		{E4043279-963D-40B5-B8A7-C6C801AE0BCC}.Release|x86.Build.0 = Release|Win32
		{A221C937-9959-4A36-A2BF-D30AF42A06AB}.Debug|x64.ActiveCfg = Debug|x64
		{A221C937-9959-4A36-A2BF-D30AF42A06AB}.Debug|x64.Build.0 = Debug|x64
		{A221C937-9959-4A36-A2BF-D30AF42A06AB}.Debug|x86.ActiveCfg = Debug|Win32
		{A221C937-9959-4A36-A2BF-D30AF42A06AB}.Debug|x86.Build.0 = Debug|Win32
		{A221C937-9959-4A36-A2BF-D30AF42A06AB}.Release|x64.ActiveCfg = Release|x64
		{A221C937-9959-4A36-A2BF-D30AF42A06AB}.Release|x64.Build.0 = Release|x64
		{A221C937-9959-4A36-A2BF-D30AF42A06AB}.Release|x86.ActiveCfg = Release|Win32
		{A221C937-9959-4A36-A2BF-D30AF42A06AB}.Release|x86.Build.0 = Release|Win32
		{14834318-7068-46EF-B9E1-32388FFDD010}.Debug|x64.ActiveCfg = Debug|x64
		{14834318-7068-46EF-B9E1-32388FFDD010}.Debug|x64.Build.0 = Debug|x64
		{14834318-7068-46EF-B9E1-32388FFDD010}.Debug|x86.ActiveCfg = Debug|Win32
		{14834318-7068-46EF-B9E1-32388FFDD010}.Debug|x86.Build.0 = Debug|Win32
		{14834318-7068-46EF-B9E1-32388FFDD010}.Release|x64.ActiveCfg = Release|x64
		{14834318-7068-46EF-B9E1-32388FFDD010}.Release|x64.Build.0 = Release|x64
		{14834318-7068-46EF-B9E1-32388FFDD010}.Release|x86.ActiveCfg = Release|Win32
		{14834318-7068-46EF-B9E1-32388FFDD010}.Release|x86.Build.0 = Release|Win32
		{19D5BAE3-4C4C-4CCF-A2F5-2A9E52EB0278}.Debug|x64.ActiveCfg = Debug|x64
		{19D5BAE3-4C4C-4CCF-A2F5-2A9E52EB0278}.Debug|x64.Build.0 = Debug|x64
		{19D5BAE3-4C4C-4CCF-A2F5-2A9E52EB0278}.Debug|x86.ActiveCfg = Debug|Win32
		{19D5BAE3-4C4C-4CCF-A2F5-2A9E52EB0278}.Debug|x86.Build.0 = Debug|Win32
		{19D5BAE3-4C4C-4CCF-A2F5-2A9E52EB0278}.Release|x64.ActiveCfg = Release|x64
		{19D5BAE3-4C4C-4CCF-A2F5-2A9E52EB0278}.Release|x64.Build.0 = Release|x64
		{19D5BAE3-4C4C-4CCF-A2F5-2A9E52EB0278}.Release|x86.ActiveCfg = Release|Win32
		{19D5BAE3-4C4C-4CCF-A2F5-2A9E52EB0278}.Release|x86.Build.0 = Release|Win32
	EndGlobalSection
	GlobalSection(SolutionProperties) = preSolution
		HideSolutionNode = FALSE
	EndGlobalSection
	GlobalSection(ExtensibilityGlobals) = postSolution
		SolutionGuid = {5F26A6D5-03A3-48B9-B9A9-773378F3D495}
	EndGlobalSection
EndGlobal
